
Microsoft Visual Studio Solution File, Format Version 12.00
# Visual Studio Version 17
VisualStudioVersion = 17.12.35527.113
MinimumVisualStudioVersion = 10.0.40219.1
Project("{FAE04EC0-301F-11D3-BF4B-00C04F79EFBC}") = "ClassLibrary", "ClassLibrary\ClassLibrary.csproj", "{2330B028-3B80-4128-B9A4-FAA1BF5BB7D8}"
EndProject
Project("{FAE04EC0-301F-11D3-BF4B-00C04F79EFBC}") = "StartUp", "StartUp\StartUp.csproj", "{E2E44AEB-D405-4FB4-9555-D2EDCC6F2FCD}"
EndProject
Project("{FAE04EC0-301F-11D3-BF4B-00C04F79EFBC}") = "CalculatorApp", "CalculatorApp\CalculatorApp.csproj", "{CDC3EAB2-A3F3-4CB6-885B-F86CD749B70D}"
EndProject
Project("{FAE04EC0-301F-11D3-BF4B-00C04F79EFBC}") = "DataAccess", "DataAccess\DataAccess.csproj", "{B723D9D0-6AF4-49B3-B7FC-ED17D33FB749}"
EndProject
Project("{FAE04EC0-301F-11D3-BF4B-00C04F79EFBC}") = "ShapeApp", "ShapeApp\ShapeApp.csproj", "{D7F7A8DB-4D6C-4EFD-BFC5-60B44AE1DBDA}"
EndProject
Global
	GlobalSection(SolutionConfigurationPlatforms) = preSolution
		Debug|Any CPU = Debug|Any CPU
		Release|Any CPU = Release|Any CPU
	EndGlobalSection
	GlobalSection(ProjectConfigurationPlatforms) = postSolution
		{2330B028-3B80-4128-B9A4-FAA1BF5BB7D8}.Debug|Any CPU.ActiveCfg = Debug|Any CPU
		{2330B028-3B80-4128-B9A4-FAA1BF5BB7D8}.Debug|Any CPU.Build.0 = Debug|Any CPU
		{2330B028-3B80-4128-B9A4-FAA1BF5BB7D8}.Release|Any CPU.ActiveCfg = Release|Any CPU
		{2330B028-3B80-4128-B9A4-FAA1BF5BB7D8}.Release|Any CPU.Build.0 = Release|Any CPU
		{E2E44AEB-D405-4FB4-9555-D2EDCC6F2FCD}.Debug|Any CPU.ActiveCfg = Debug|Any CPU
		{E2E44AEB-D405-4FB4-9555-D2EDCC6F2FCD}.Debug|Any CPU.Build.0 = Debug|Any CPU
		{E2E44AEB-D405-4FB4-9555-D2EDCC6F2FCD}.Release|Any CPU.ActiveCfg = Release|Any CPU
		{E2E44AEB-D405-4FB4-9555-D2EDCC6F2FCD}.Release|Any CPU.Build.0 = Release|Any CPU
		{CDC3EAB2-A3F3-4CB6-885B-F86CD749B70D}.Debug|Any CPU.ActiveCfg = Debug|Any CPU
		{CDC3EAB2-A3F3-4CB6-885B-F86CD749B70D}.Debug|Any CPU.Build.0 = Debug|Any CPU
		{CDC3EAB2-A3F3-4CB6-885B-F86CD749B70D}.Release|Any CPU.ActiveCfg = Release|Any CPU
		{CDC3EAB2-A3F3-4CB6-885B-F86CD749B70D}.Release|Any CPU.Build.0 = Release|Any CPU
		{B723D9D0-6AF4-49B3-B7FC-ED17D33FB749}.Debug|Any CPU.ActiveCfg = Debug|Any CPU
		{B723D9D0-6AF4-49B3-B7FC-ED17D33FB749}.Debug|Any CPU.Build.0 = Debug|Any CPU
		{B723D9D0-6AF4-49B3-B7FC-ED17D33FB749}.Release|Any CPU.ActiveCfg = Release|Any CPU
		{B723D9D0-6AF4-49B3-B7FC-ED17D33FB749}.Release|Any CPU.Build.0 = Release|Any CPU
		{D7F7A8DB-4D6C-4EFD-BFC5-60B44AE1DBDA}.Debug|Any CPU.ActiveCfg = Debug|Any CPU
		{D7F7A8DB-4D6C-4EFD-BFC5-60B44AE1DBDA}.Debug|Any CPU.Build.0 = Debug|Any CPU
		{D7F7A8DB-4D6C-4EFD-BFC5-60B44AE1DBDA}.Release|Any CPU.ActiveCfg = Release|Any CPU
		{D7F7A8DB-4D6C-4EFD-BFC5-60B44AE1DBDA}.Release|Any CPU.Build.0 = Release|Any CPU
	EndGlobalSection
	GlobalSection(SolutionProperties) = preSolution
		HideSolutionNode = FALSE
	EndGlobalSection
EndGlobal
